
Microsoft Visual Studio Solution File, Format Version 12.00
# Visual Studio Version 17
VisualStudioVersion = 17.9.34728.123
MinimumVisualStudioVersion = 10.0.40219.1
Project("{9A19103F-16F7-4668-BE54-9A1E7A4F7556}") = "SocialMediaAppAPI", "SocialMediaAppAPI\SocialMediaAppAPI.csproj", "{2C40ECA7-BC82-4725-B883-072D20F56279}"
EndProject
Project("{FAE04EC0-301F-11D3-BF4B-00C04F79EFBC}") = "ClassLibrary", "ClassLibrary\ClassLibrary.csproj", "{335296B1-4DCB-4729-B882-5AC48895B6C3}"
EndProject
Project("{FAE04EC0-301F-11D3-BF4B-00C04F79EFBC}") = "Dashboard", "Dashboard\Dashboard.csproj", "{46089701-A07E-4C41-A812-B42447EA2230}"
EndProject
Global
	GlobalSection(SolutionConfigurationPlatforms) = preSolution
		Debug|Any CPU = Debug|Any CPU
		Release|Any CPU = Release|Any CPU
	EndGlobalSection
	GlobalSection(ProjectConfigurationPlatforms) = postSolution
		{2C40ECA7-BC82-4725-B883-072D20F56279}.Debug|Any CPU.ActiveCfg = Debug|Any CPU
		{2C40ECA7-BC82-4725-B883-072D20F56279}.Debug|Any CPU.Build.0 = Debug|Any CPU
		{2C40ECA7-BC82-4725-B883-072D20F56279}.Release|Any CPU.ActiveCfg = Release|Any CPU
		{2C40ECA7-BC82-4725-B883-072D20F56279}.Release|Any CPU.Build.0 = Release|Any CPU
		{335296B1-4DCB-4729-B882-5AC48895B6C3}.Debug|Any CPU.ActiveCfg = Debug|Any CPU
		{335296B1-4DCB-4729-B882-5AC48895B6C3}.Debug|Any CPU.Build.0 = Debug|Any CPU
		{335296B1-4DCB-4729-B882-5AC48895B6C3}.Release|Any CPU.ActiveCfg = Release|Any CPU
		{335296B1-4DCB-4729-B882-5AC48895B6C3}.Release|Any CPU.Build.0 = Release|Any CPU
		{46089701-A07E-4C41-A812-B42447EA2230}.Debug|Any CPU.ActiveCfg = Debug|Any CPU
		{46089701-A07E-4C41-A812-B42447EA2230}.Debug|Any CPU.Build.0 = Debug|Any CPU
		{46089701-A07E-4C41-A812-B42447EA2230}.Release|Any CPU.ActiveCfg = Release|Any CPU
		{46089701-A07E-4C41-A812-B42447EA2230}.Release|Any CPU.Build.0 = Release|Any CPU
	EndGlobalSection
	GlobalSection(SolutionProperties) = preSolution
		HideSolutionNode = FALSE
	EndGlobalSection
	GlobalSection(ExtensibilityGlobals) = postSolution
		SolutionGuid = {A7D29906-1770-4273-AF22-4CCA5B48F04F}
	EndGlobalSection
EndGlobal
